PODS:
  - FBSnapshotTestCase (2.1.4):
    - FBSnapshotTestCase/SwiftSupport (= 2.1.4)
  - FBSnapshotTestCase/Core (2.1.4)
  - FBSnapshotTestCase/SwiftSupport (2.1.4):
    - FBSnapshotTestCase/Core
  - SIOWaveView (1.0.0)

DEPENDENCIES:
  - FBSnapshotTestCase
  - SIOWaveView (from `../`)

SPEC REPOS:
  trunk:
    - FBSnapshotTestCase

EXTERNAL SOURCES:
  SIOWaveView:
    :path: "../"

SPEC CHECKSUMS:
  FBSnapshotTestCase: 094f9f314decbabe373b87cc339bea235a63e07a
  SIOWaveView: 838f7e23f7c153725ad2a15dae522bfa99524674

PODFILE CHECKSUM: e8ae1a6e0957884a1ea883e277d14567096e33ee

COCOAPODS: 1.10.1
